
Microsoft Visual Studio Solution File, Format Version 12.00
# Visual Studio 2013
VisualStudioVersion = 12.0.31101.0
MinimumVisualStudioVersion = 10.0.40219.1
Project("{8BC9CEB8-8B4A-11D0-8D11-00A0C91BC942}") = "game_server", "game_server\game_server.vcxproj", "{80574542-1BB0-46F3-9BDE-3713C9B2D763}"
EndProject
Project("{8BC9CEB8-8B4A-11D0-8D11-00A0C91BC942}") = "game_logic", "game_logic\game_logic.vcxproj", "{4A3859A0-0B1B-45BA-8AFB-DDADCE200A93}"
EndProject
Global
	GlobalSection(SolutionConfigurationPlatforms) = preSolution
		Debug|x64 = Debug|x64
		Release|x64 = Release|x64
	EndGlobalSection
	GlobalSection(ProjectConfigurationPlatforms) = postSolution
		{80574542-1BB0-46F3-9BDE-3713C9B2D763}.Debug|x64.ActiveCfg = Debug|x64
		{80574542-1BB0-46F3-9BDE-3713C9B2D763}.Debug|x64.Build.0 = Debug|x64
		{80574542-1BB0-46F3-9BDE-3713C9B2D763}.Release|x64.ActiveCfg = Release|x64
		{80574542-1BB0-46F3-9BDE-3713C9B2D763}.Release|x64.Build.0 = Release|x64
		{4A3859A0-0B1B-45BA-8AFB-DDADCE200A93}.Debug|x64.ActiveCfg = Debug|x64
		{4A3859A0-0B1B-45BA-8AFB-DDADCE200A93}.Debug|x64.Build.0 = Debug|x64
		{4A3859A0-0B1B-45BA-8AFB-DDADCE200A93}.Release|x64.ActiveCfg = Release|x64
		{4A3859A0-0B1B-45BA-8AFB-DDADCE200A93}.Release|x64.Build.0 = Release|x64
	EndGlobalSection
	GlobalSection(SolutionProperties) = preSolution
		HideSolutionNode = FALSE
	EndGlobalSection
EndGlobal
