<?xml version="1.0" encoding="utf-8"?>
<Project ToolsVersion="4.0" xmlns="http://schemas.microsoft.com/developer/msbuild/2003">
  <ItemGroup>
    <ClCompile Include="src\cell_position.cpp">
      <Filter>src</Filter>
    </ClCompile>
    <ClCompile Include="src\game.cpp">
      <Filter>src</Filter>
    </ClCompile>
    <ClCompile Include="src\game_board.cpp">
      <Filter>src</Filter>
    </ClCompile>
    <ClCompile Include="src\game_score.cpp">
      <Filter>src</Filter>
    </ClCompile>
    <ClCompile Include="src\local_game.cpp">
      <Filter>src</Filter>
    </ClCompile>
    <ClCompile Include="src\stdafx.cpp">
      <Filter>src</Filter>
    </ClCompile>
  </ItemGroup>
  <ItemGroup>
    <ClInclude Include="export\include\reversi\cell_position.hpp">
      <Filter>export\include\reversi</Filter>
    </ClInclude>
    <ClInclude Include="export\include\reversi\direction.hpp">
      <Filter>export\include\reversi</Filter>
    </ClInclude>
    <ClInclude Include="export\include\reversi\game.hpp">
      <Filter>export\include\reversi</Filter>
    </ClInclude>
    <ClInclude Include="export\include\reversi\game_board.hpp">
      <Filter>export\include\reversi</Filter>
    </ClInclude>
    <ClInclude Include="export\include\reversi\game_logger.hpp">
      <Filter>export\include\reversi</Filter>
    </ClInclude>
    <ClInclude Include="export\include\reversi\game_score.hpp">
      <Filter>export\include\reversi</Filter>
    </ClInclude>
    <ClInclude Include="export\include\reversi\local_game.hpp">
      <Filter>export\include\reversi</Filter>
    </ClInclude>
    <ClInclude Include="export\include\reversi\placement_outcome.hpp">
      <Filter>export\include\reversi</Filter>
    </ClInclude>
    <ClInclude Include="export\include\reversi\player.hpp">
      <Filter>export\include\reversi</Filter>
    </ClInclude>
    <ClInclude Include="include\stdafx.hpp">
      <Filter>include</Filter>
    </ClInclude>
  </ItemGroup>
  <ItemGroup>
    <Filter Include="src">
      <UniqueIdentifier>{1e045ce1-ff7a-4e75-bbbb-71e1ec20f764}</UniqueIdentifier>
    </Filter>
    <Filter Include="include">
      <UniqueIdentifier>{d7926edd-ccd1-4771-9cf3-95f89e97c187}</UniqueIdentifier>
    </Filter>
    <Filter Include="export">
      <UniqueIdentifier>{22d142ec-3945-40d0-9cbb-51c9a079ae64}</UniqueIdentifier>
    </Filter>
    <Filter Include="export\include">
      <UniqueIdentifier>{2a9e361f-56e2-4166-b790-5778a388d522}</UniqueIdentifier>
    </Filter>
    <Filter Include="export\include\reversi">
      <UniqueIdentifier>{70e298cf-fdee-4989-852d-1d2d01aa1d5f}</UniqueIdentifier>
    </Filter>
  </ItemGroup>
</Project>