<?xml version="1.0" encoding="utf-8"?>
<Project ToolsVersion="4.0" xmlns="http://schemas.microsoft.com/developer/msbuild/2003">
  <ItemGroup>
    <Filter Include="src">
      <UniqueIdentifier>{4FC737F1-C7A5-4376-A066-2A32D752A2FF}</UniqueIdentifier>
      <Extensions>cpp;c;cc;cxx;def;odl;idl;hpj;bat;asm;asmx</Extensions>
    </Filter>
    <Filter Include="include">
      <UniqueIdentifier>{93995380-89BD-4b04-88EB-625FBE52EBFB}</UniqueIdentifier>
      <Extensions>h;hh;hpp;hxx;hm;inl;inc;xsd</Extensions>
    </Filter>
    <Filter Include="include\reversi">
      <UniqueIdentifier>{534cdc11-ab14-4c26-a737-70140de62bed}</UniqueIdentifier>
    </Filter>
    <Filter Include="include\reversi\remoting">
      <UniqueIdentifier>{6540421c-e80f-4575-ac6c-e4ba156ee9af}</UniqueIdentifier>
    </Filter>
    <Filter Include="include\reversi\remoting\testing">
      <UniqueIdentifier>{c5989679-c9d6-4217-a475-7fe461f01a01}</UniqueIdentifier>
    </Filter>
  </ItemGroup>
  <ItemGroup>
    <ClCompile Include="src\stdafx.cpp">
      <Filter>src</Filter>
    </ClCompile>
    <ClCompile Include="src\main.cpp">
      <Filter>src</Filter>
    </ClCompile>
    <ClCompile Include="src\multiplayer_match_test_suite.cpp">
      <Filter>src</Filter>
    </ClCompile>
    <ClCompile Include="src\multiplayer_match_registry_test_suite.cpp">
      <Filter>src</Filter>
    </ClCompile>
    <ClCompile Include="src\multiplayer_match_messenger_test_suite.cpp">
      <Filter>src</Filter>
    </ClCompile>
  </ItemGroup>
  <ItemGroup>
    <ClInclude Include="include\stdafx.hpp">
      <Filter>include</Filter>
    </ClInclude>
    <ClInclude Include="include\reversi\remoting\testing\game_logger_spy_factory.hpp">
      <Filter>include\reversi\remoting\testing</Filter>
    </ClInclude>
  </ItemGroup>
</Project>